
Microsoft Visual Studio Solution File, Format Version 12.00
# Visual Studio Version 16
VisualStudioVersion = 16.0.29209.152
MinimumVisualStudioVersion = 10.0.40219.1
Project("{FAE04EC0-301F-11D3-BF4B-00C04F79EFBC}") = "dotNetTips.Benchmark.App", "dotNetTips.Benchmark.App.csproj", "{A006C87F-2E0E-47BE-8E88-3B187A069C2F}"
EndProject
Global
	GlobalSection(SolutionConfigurationPlatforms) = preSolution
		Debug|Any CPU = Debug|Any CPU
		Release|Any CPU = Release|Any CPU
	EndGlobalSection
	GlobalSection(ProjectConfigurationPlatforms) = postSolution
		{A006C87F-2E0E-47BE-8E88-3B187A069C2F}.Debug|Any CPU.ActiveCfg = Release|Any CPU
		{A006C87F-2E0E-47BE-8E88-3B187A069C2F}.Debug|Any CPU.Build.0 = Release|Any CPU
		{A006C87F-2E0E-47BE-8E88-3B187A069C2F}.Release|Any CPU.ActiveCfg = Release|Any CPU
		{A006C87F-2E0E-47BE-8E88-3B187A069C2F}.Release|Any CPU.Build.0 = Release|Any CPU
	EndGlobalSection
	GlobalSection(SolutionProperties) = preSolution
		HideSolutionNode = FALSE
	EndGlobalSection
	GlobalSection(ExtensibilityGlobals) = postSolution
		SolutionGuid = {0AEEA486-5D16-453A-98BE-C4685CF3AB4C}
	EndGlobalSection
EndGlobal
